
Microsoft Visual Studio Solution File, Format Version 12.00
# Visual Studio Version 17
VisualStudioVersion = 17.5.33516.290
MinimumVisualStudioVersion = 10.0.40219.1
Project("{FAE04EC0-301F-11D3-BF4B-00C04F79EFBC}") = "BlueGreenDeployment", "BlueGreenDeployment.csproj", "{352FC7E1-9916-49B7-BC2C-4B7DA246BA72}"
EndProject
Global
	GlobalSection(SolutionConfigurationPlatforms) = preSolution
		Debug|Any CPU = Debug|Any CPU
		Release|Any CPU = Release|Any CPU
	EndGlobalSection
	GlobalSection(ProjectConfigurationPlatforms) = postSolution
		{352FC7E1-9916-49B7-BC2C-4B7DA246BA72}.Debug|Any CPU.ActiveCfg = Debug|Any CPU
		{352FC7E1-9916-49B7-BC2C-4B7DA246BA72}.Debug|Any CPU.Build.0 = Debug|Any CPU
		{352FC7E1-9916-49B7-BC2C-4B7DA246BA72}.Release|Any CPU.ActiveCfg = Release|Any CPU
		{352FC7E1-9916-49B7-BC2C-4B7DA246BA72}.Release|Any CPU.Build.0 = Release|Any CPU
	EndGlobalSection
	GlobalSection(SolutionProperties) = preSolution
		HideSolutionNode = FALSE
	EndGlobalSection
	GlobalSection(ExtensibilityGlobals) = postSolution
		SolutionGuid = {18FAD688-5455-45A0-AB2A-8E6F80E3686C}
	EndGlobalSection
EndGlobal
